
Microsoft Visual Studio Solution File, Format Version 12.00
# Visual Studio Version 17
VisualStudioVersion = 17.9.34511.98
MinimumVisualStudioVersion = 10.0.40219.1
Project("{9A19103F-16F7-4668-BE54-9A1E7A4F7556}") = "Intro", "Intro\Intro.csproj", "{E3DB8FC0-C897-4521-9DE3-250C40167401}"
EndProject
Project("{FAE04EC0-301F-11D3-BF4B-00C04F79EFBC}") = "Entities", "Entities\Entities.csproj", "{5B642CF3-6C29-4D37-97E8-C5F96963563B}"
EndProject
Project("{FAE04EC0-301F-11D3-BF4B-00C04F79EFBC}") = "DataAccess", "DataAccess\DataAccess.csproj", "{7FEEEEEA-FF4E-4ADF-BEDC-864A4B5EE08B}"
EndProject
Project("{FAE04EC0-301F-11D3-BF4B-00C04F79EFBC}") = "Business", "Business\Business.csproj", "{C717AE94-5742-487E-8028-B684A2C2B1F0}"
EndProject
Project("{FAE04EC0-301F-11D3-BF4B-00C04F79EFBC}") = "Core", "Core\Core.csproj", "{EB2C9B1B-E59B-4744-98DB-9F59F59E76D0}"
EndProject
Project("{FAE04EC0-301F-11D3-BF4B-00C04F79EFBC}") = "ConsoleApp", "ConsoleApp\ConsoleApp.csproj", "{E884CC2F-06BF-48FB-AD57-F0CB8081155C}"
EndProject
Global
	GlobalSection(SolutionConfigurationPlatforms) = preSolution
		Debug|Any CPU = Debug|Any CPU
		Release|Any CPU = Release|Any CPU
	EndGlobalSection
	GlobalSection(ProjectConfigurationPlatforms) = postSolution
		{E3DB8FC0-C897-4521-9DE3-250C40167401}.Debug|Any CPU.ActiveCfg = Debug|Any CPU
		{E3DB8FC0-C897-4521-9DE3-250C40167401}.Debug|Any CPU.Build.0 = Debug|Any CPU
		{E3DB8FC0-C897-4521-9DE3-250C40167401}.Release|Any CPU.ActiveCfg = Release|Any CPU
		{E3DB8FC0-C897-4521-9DE3-250C40167401}.Release|Any CPU.Build.0 = Release|Any CPU
		{5B642CF3-6C29-4D37-97E8-C5F96963563B}.Debug|Any CPU.ActiveCfg = Debug|Any CPU
		{5B642CF3-6C29-4D37-97E8-C5F96963563B}.Debug|Any CPU.Build.0 = Debug|Any CPU
		{5B642CF3-6C29-4D37-97E8-C5F96963563B}.Release|Any CPU.ActiveCfg = Release|Any CPU
		{5B642CF3-6C29-4D37-97E8-C5F96963563B}.Release|Any CPU.Build.0 = Release|Any CPU
		{7FEEEEEA-FF4E-4ADF-BEDC-864A4B5EE08B}.Debug|Any CPU.ActiveCfg = Debug|Any CPU
		{7FEEEEEA-FF4E-4ADF-BEDC-864A4B5EE08B}.Debug|Any CPU.Build.0 = Debug|Any CPU
		{7FEEEEEA-FF4E-4ADF-BEDC-864A4B5EE08B}.Release|Any CPU.ActiveCfg = Release|Any CPU
		{7FEEEEEA-FF4E-4ADF-BEDC-864A4B5EE08B}.Release|Any CPU.Build.0 = Release|Any CPU
		{C717AE94-5742-487E-8028-B684A2C2B1F0}.Debug|Any CPU.ActiveCfg = Debug|Any CPU
		{C717AE94-5742-487E-8028-B684A2C2B1F0}.Debug|Any CPU.Build.0 = Debug|Any CPU
		{C717AE94-5742-487E-8028-B684A2C2B1F0}.Release|Any CPU.ActiveCfg = Release|Any CPU
		{C717AE94-5742-487E-8028-B684A2C2B1F0}.Release|Any CPU.Build.0 = Release|Any CPU
		{EB2C9B1B-E59B-4744-98DB-9F59F59E76D0}.Debug|Any CPU.ActiveCfg = Debug|Any CPU
		{EB2C9B1B-E59B-4744-98DB-9F59F59E76D0}.Debug|Any CPU.Build.0 = Debug|Any CPU
		{EB2C9B1B-E59B-4744-98DB-9F59F59E76D0}.Release|Any CPU.ActiveCfg = Release|Any CPU
		{EB2C9B1B-E59B-4744-98DB-9F59F59E76D0}.Release|Any CPU.Build.0 = Release|Any CPU
		{E884CC2F-06BF-48FB-AD57-F0CB8081155C}.Debug|Any CPU.ActiveCfg = Debug|Any CPU
		{E884CC2F-06BF-48FB-AD57-F0CB8081155C}.Debug|Any CPU.Build.0 = Debug|Any CPU
		{E884CC2F-06BF-48FB-AD57-F0CB8081155C}.Release|Any CPU.ActiveCfg = Release|Any CPU
		{E884CC2F-06BF-48FB-AD57-F0CB8081155C}.Release|Any CPU.Build.0 = Release|Any CPU
	EndGlobalSection
	GlobalSection(SolutionProperties) = preSolution
		HideSolutionNode = FALSE
	EndGlobalSection
	GlobalSection(ExtensibilityGlobals) = postSolution
		SolutionGuid = {EC2D764B-4049-4710-87C5-869463FF3858}
	EndGlobalSection
EndGlobal
